
Microsoft Visual Studio Solution File, Format Version 12.00
# Visual Studio 15
VisualStudioVersion = 15.0.28010.2016
MinimumVisualStudioVersion = 10.0.40219.1
Project("{FAE04EC0-301F-11D3-BF4B-00C04F79EFBC}") = "Product.Api.IntegrationTest", "Product.Api.IntegrationTest\Product.Api.IntegrationTest.csproj", "{261CF0F8-6EB3-46CD-9D61-D49CA72C5B23}"
EndProject
Global
	GlobalSection(SolutionConfigurationPlatforms) = preSolution
		Debug|Any CPU = Debug|Any CPU
		Release|Any CPU = Release|Any CPU
	EndGlobalSection
	GlobalSection(ProjectConfigurationPlatforms) = postSolution
		{261CF0F8-6EB3-46CD-9D61-D49CA72C5B23}.Debug|Any CPU.ActiveCfg = Debug|Any CPU
		{261CF0F8-6EB3-46CD-9D61-D49CA72C5B23}.Debug|Any CPU.Build.0 = Debug|Any CPU
		{261CF0F8-6EB3-46CD-9D61-D49CA72C5B23}.Release|Any CPU.ActiveCfg = Release|Any CPU
		{261CF0F8-6EB3-46CD-9D61-D49CA72C5B23}.Release|Any CPU.Build.0 = Release|Any CPU
	EndGlobalSection
	GlobalSection(SolutionProperties) = preSolution
		HideSolutionNode = FALSE
	EndGlobalSection
	GlobalSection(ExtensibilityGlobals) = postSolution
		SolutionGuid = {C62E7FFE-8527-45A1-A2EF-DE999E816179}
	EndGlobalSection
EndGlobal
